
Microsoft Visual Studio Solution File, Format Version 12.00
# Visual Studio Version 16
VisualStudioVersion = 16.0.29025.244
MinimumVisualStudioVersion = 10.0.40219.1
Project("{FAE04EC0-301F-11D3-BF4B-00C04F79EFBC}") = "SolidConsole", "SolidConsole\SolidConsole.csproj", "{38D9CC82-FC69-46AB-A671-1B5571617628}"
EndProject
Project("{FAE04EC0-301F-11D3-BF4B-00C04F79EFBC}") = "SolidLIbrary", "SolidLIbrary\SolidLIbrary.csproj", "{20AE70F7-320A-4D25-9447-3BE6A9AA3CFA}"
EndProject
Project("{2150E333-8FDC-42A3-9474-1A3956D46DE8}") = "Solution Items", "Solution Items", "{2D03AFB6-6850-465A-B195-E43B6FED3852}"
	ProjectSection(SolutionItems) = preProject
		ReadMe.txt = ReadMe.txt
	EndProjectSection
EndProject
Global
	GlobalSection(SolutionConfigurationPlatforms) = preSolution
		Debug|Any CPU = Debug|Any CPU
		Release|Any CPU = Release|Any CPU
	EndGlobalSection
	GlobalSection(ProjectConfigurationPlatforms) = postSolution
		{38D9CC82-FC69-46AB-A671-1B5571617628}.Debug|Any CPU.ActiveCfg = Debug|Any CPU
		{38D9CC82-FC69-46AB-A671-1B5571617628}.Debug|Any CPU.Build.0 = Debug|Any CPU
		{38D9CC82-FC69-46AB-A671-1B5571617628}.Release|Any CPU.ActiveCfg = Release|Any CPU
		{38D9CC82-FC69-46AB-A671-1B5571617628}.Release|Any CPU.Build.0 = Release|Any CPU
		{20AE70F7-320A-4D25-9447-3BE6A9AA3CFA}.Debug|Any CPU.ActiveCfg = Debug|Any CPU
		{20AE70F7-320A-4D25-9447-3BE6A9AA3CFA}.Debug|Any CPU.Build.0 = Debug|Any CPU
		{20AE70F7-320A-4D25-9447-3BE6A9AA3CFA}.Release|Any CPU.ActiveCfg = Release|Any CPU
		{20AE70F7-320A-4D25-9447-3BE6A9AA3CFA}.Release|Any CPU.Build.0 = Release|Any CPU
	EndGlobalSection
	GlobalSection(SolutionProperties) = preSolution
		HideSolutionNode = FALSE
	EndGlobalSection
	GlobalSection(ExtensibilityGlobals) = postSolution
		SolutionGuid = {76737CA4-43BB-4A13-9275-2F83BAA4FFBF}
	EndGlobalSection
EndGlobal
